
Microsoft Visual Studio Solution File, Format Version 12.00
# Visual Studio Version 17
VisualStudioVersion = 17.7.34221.43
MinimumVisualStudioVersion = 10.0.40219.1
Project("{9A19103F-16F7-4668-BE54-9A1E7A4F7556}") = "WpfApp1", "WpfApp1\WpfApp1.csproj", "{C4385730-AD1F-463E-8565-C1BA0BED8F05}"
EndProject
Project("{9A19103F-16F7-4668-BE54-9A1E7A4F7556}") = "ROIGenerateLib", "ROIGenerateLib\ROIGenerateLib.csproj", "{B59B4C6E-6102-4619-BF87-22C564EE344D}"
EndProject
Project("{9A19103F-16F7-4668-BE54-9A1E7A4F7556}") = "VisionShowLib", "VisionShowLib\VisionShowLib.csproj", "{0CF7BCCA-B1D9-4B52-B8F0-A41115D5DC66}"
EndProject
Project("{9A19103F-16F7-4668-BE54-9A1E7A4F7556}") = "ExternalFunctionLib", "ExternalFunctionLib\ExternalFunctionLib.csproj", "{694D280B-C1DF-45C0-B903-A4FECFB360DE}"
EndProject
Project("{9A19103F-16F7-4668-BE54-9A1E7A4F7556}") = "FunctionLib", "FunctionLib\FunctionLib.csproj", "{2BE3FDE8-0402-4609-89CC-3EEF3F15EB9C}"
EndProject
Project("{9A19103F-16F7-4668-BE54-9A1E7A4F7556}") = "LightSourceController", "LightSourceController\LightSourceController.csproj", "{DBAC7BA7-1608-4F60-8FC2-6B06034CD455}"
EndProject
Project("{FAE04EC0-301F-11D3-BF4B-00C04F79EFBC}") = "ControlShareResources", "ControlShareResources\ControlShareResources.csproj", "{2B70C8D1-20CD-46DA-BACB-FF45A34BDA41}"
EndProject
Global
	GlobalSection(SolutionConfigurationPlatforms) = preSolution
		Debug|Any CPU = Debug|Any CPU
		Release|Any CPU = Release|Any CPU
	EndGlobalSection
	GlobalSection(ProjectConfigurationPlatforms) = postSolution
		{C4385730-AD1F-463E-8565-C1BA0BED8F05}.Debug|Any CPU.ActiveCfg = Debug|Any CPU
		{C4385730-AD1F-463E-8565-C1BA0BED8F05}.Debug|Any CPU.Build.0 = Debug|Any CPU
		{C4385730-AD1F-463E-8565-C1BA0BED8F05}.Release|Any CPU.ActiveCfg = Release|Any CPU
		{C4385730-AD1F-463E-8565-C1BA0BED8F05}.Release|Any CPU.Build.0 = Release|Any CPU
		{B59B4C6E-6102-4619-BF87-22C564EE344D}.Debug|Any CPU.ActiveCfg = Debug|Any CPU
		{B59B4C6E-6102-4619-BF87-22C564EE344D}.Debug|Any CPU.Build.0 = Debug|Any CPU
		{B59B4C6E-6102-4619-BF87-22C564EE344D}.Release|Any CPU.ActiveCfg = Release|Any CPU
		{B59B4C6E-6102-4619-BF87-22C564EE344D}.Release|Any CPU.Build.0 = Release|Any CPU
		{0CF7BCCA-B1D9-4B52-B8F0-A41115D5DC66}.Debug|Any CPU.ActiveCfg = Debug|Any CPU
		{0CF7BCCA-B1D9-4B52-B8F0-A41115D5DC66}.Debug|Any CPU.Build.0 = Debug|Any CPU
		{0CF7BCCA-B1D9-4B52-B8F0-A41115D5DC66}.Release|Any CPU.ActiveCfg = Release|Any CPU
		{0CF7BCCA-B1D9-4B52-B8F0-A41115D5DC66}.Release|Any CPU.Build.0 = Release|Any CPU
		{694D280B-C1DF-45C0-B903-A4FECFB360DE}.Debug|Any CPU.ActiveCfg = Debug|Any CPU
		{694D280B-C1DF-45C0-B903-A4FECFB360DE}.Debug|Any CPU.Build.0 = Debug|Any CPU
		{694D280B-C1DF-45C0-B903-A4FECFB360DE}.Release|Any CPU.ActiveCfg = Release|Any CPU
		{694D280B-C1DF-45C0-B903-A4FECFB360DE}.Release|Any CPU.Build.0 = Release|Any CPU
		{2BE3FDE8-0402-4609-89CC-3EEF3F15EB9C}.Debug|Any CPU.ActiveCfg = Debug|Any CPU
		{2BE3FDE8-0402-4609-89CC-3EEF3F15EB9C}.Debug|Any CPU.Build.0 = Debug|Any CPU
		{2BE3FDE8-0402-4609-89CC-3EEF3F15EB9C}.Release|Any CPU.ActiveCfg = Release|Any CPU
		{2BE3FDE8-0402-4609-89CC-3EEF3F15EB9C}.Release|Any CPU.Build.0 = Release|Any CPU
		{DBAC7BA7-1608-4F60-8FC2-6B06034CD455}.Debug|Any CPU.ActiveCfg = Debug|Any CPU
		{DBAC7BA7-1608-4F60-8FC2-6B06034CD455}.Debug|Any CPU.Build.0 = Debug|Any CPU
		{DBAC7BA7-1608-4F60-8FC2-6B06034CD455}.Release|Any CPU.ActiveCfg = Release|Any CPU
		{DBAC7BA7-1608-4F60-8FC2-6B06034CD455}.Release|Any CPU.Build.0 = Release|Any CPU
		{2B70C8D1-20CD-46DA-BACB-FF45A34BDA41}.Debug|Any CPU.ActiveCfg = Debug|Any CPU
		{2B70C8D1-20CD-46DA-BACB-FF45A34BDA41}.Debug|Any CPU.Build.0 = Debug|Any CPU
		{2B70C8D1-20CD-46DA-BACB-FF45A34BDA41}.Release|Any CPU.ActiveCfg = Release|Any CPU
		{2B70C8D1-20CD-46DA-BACB-FF45A34BDA41}.Release|Any CPU.Build.0 = Release|Any CPU
	EndGlobalSection
	GlobalSection(SolutionProperties) = preSolution
		HideSolutionNode = FALSE
	EndGlobalSection
	GlobalSection(ExtensibilityGlobals) = postSolution
		SolutionGuid = {B9C6C525-E624-4AF5-BEB7-076DCE30C25C}
	EndGlobalSection
EndGlobal
